
Microsoft Visual Studio Solution File, Format Version 12.00
# Visual Studio Version 17
VisualStudioVersion = 17.14.36310.24 d17.14
MinimumVisualStudioVersion = 10.0.40219.1
Project("{FAE04EC0-301F-11D3-BF4B-00C04F79EFBC}") = "DifferentWyrmMaterials", "DifferentWyrmMaterials.csproj", "{953173E5-2009-47FB-80C0-4E08930C8193}"
EndProject
Global
	GlobalSection(SolutionConfigurationPlatforms) = preSolution
		Debug|Any CPU = Debug|Any CPU
		Release|Any CPU = Release|Any CPU
	EndGlobalSection
	GlobalSection(ProjectConfigurationPlatforms) = postSolution
		{953173E5-2009-47FB-80C0-4E08930C8193}.Debug|Any CPU.ActiveCfg = Debug|Any CPU
		{953173E5-2009-47FB-80C0-4E08930C8193}.Debug|Any CPU.Build.0 = Debug|Any CPU
		{953173E5-2009-47FB-80C0-4E08930C8193}.Release|Any CPU.ActiveCfg = Release|Any CPU
		{953173E5-2009-47FB-80C0-4E08930C8193}.Release|Any CPU.Build.0 = Release|Any CPU
	EndGlobalSection
	GlobalSection(SolutionProperties) = preSolution
		HideSolutionNode = FALSE
	EndGlobalSection
	GlobalSection(ExtensibilityGlobals) = postSolution
		SolutionGuid = {4FAB8C7E-64F8-4516-8A5A-A9010DE769A9}
	EndGlobalSection
EndGlobal
